
Microsoft Visual Studio Solution File, Format Version 12.00
# Visual Studio Version 17
VisualStudioVersion = 17.5.33627.172
MinimumVisualStudioVersion = 10.0.40219.1
Project("{FAE04EC0-301F-11D3-BF4B-00C04F79EFBC}") = "Task01", "Task01\Task01.csproj", "{91709C4B-6176-4927-B4EE-84DCEEFA18BD}"
EndProject
Project("{FAE04EC0-301F-11D3-BF4B-00C04F79EFBC}") = "Task02", "Task02\Task02.csproj", "{AF8E4588-03BE-4CE7-A703-DFE2798B4797}"
EndProject
Project("{FAE04EC0-301F-11D3-BF4B-00C04F79EFBC}") = "Task03", "Task03\Task03.csproj", "{16F878BD-B7D4-4853-9202-46F37EDEDC99}"
EndProject
Project("{FAE04EC0-301F-11D3-BF4B-00C04F79EFBC}") = "Task04", "Task04\Task04.csproj", "{3C553062-2910-4777-86FE-528EC241AB39}"
EndProject
Global
	GlobalSection(SolutionConfigurationPlatforms) = preSolution
		Debug|Any CPU = Debug|Any CPU
		Release|Any CPU = Release|Any CPU
	EndGlobalSection
	GlobalSection(ProjectConfigurationPlatforms) = postSolution
		{91709C4B-6176-4927-B4EE-84DCEEFA18BD}.Debug|Any CPU.ActiveCfg = Debug|Any CPU
		{91709C4B-6176-4927-B4EE-84DCEEFA18BD}.Debug|Any CPU.Build.0 = Debug|Any CPU
		{91709C4B-6176-4927-B4EE-84DCEEFA18BD}.Release|Any CPU.ActiveCfg = Release|Any CPU
		{91709C4B-6176-4927-B4EE-84DCEEFA18BD}.Release|Any CPU.Build.0 = Release|Any CPU
		{AF8E4588-03BE-4CE7-A703-DFE2798B4797}.Debug|Any CPU.ActiveCfg = Debug|Any CPU
		{AF8E4588-03BE-4CE7-A703-DFE2798B4797}.Debug|Any CPU.Build.0 = Debug|Any CPU
		{AF8E4588-03BE-4CE7-A703-DFE2798B4797}.Release|Any CPU.ActiveCfg = Release|Any CPU
		{AF8E4588-03BE-4CE7-A703-DFE2798B4797}.Release|Any CPU.Build.0 = Release|Any CPU
		{16F878BD-B7D4-4853-9202-46F37EDEDC99}.Debug|Any CPU.ActiveCfg = Debug|Any CPU
		{16F878BD-B7D4-4853-9202-46F37EDEDC99}.Debug|Any CPU.Build.0 = Debug|Any CPU
		{16F878BD-B7D4-4853-9202-46F37EDEDC99}.Release|Any CPU.ActiveCfg = Release|Any CPU
		{16F878BD-B7D4-4853-9202-46F37EDEDC99}.Release|Any CPU.Build.0 = Release|Any CPU
		{3C553062-2910-4777-86FE-528EC241AB39}.Debug|Any CPU.ActiveCfg = Debug|Any CPU
		{3C553062-2910-4777-86FE-528EC241AB39}.Debug|Any CPU.Build.0 = Debug|Any CPU
		{3C553062-2910-4777-86FE-528EC241AB39}.Release|Any CPU.ActiveCfg = Release|Any CPU
		{3C553062-2910-4777-86FE-528EC241AB39}.Release|Any CPU.Build.0 = Release|Any CPU
	EndGlobalSection
	GlobalSection(SolutionProperties) = preSolution
		HideSolutionNode = FALSE
	EndGlobalSection
	GlobalSection(ExtensibilityGlobals) = postSolution
		SolutionGuid = {FF58000D-572C-4D59-85F3-FCFEB7FDFD7F}
	EndGlobalSection
EndGlobal
